<?xml version="1.0" encoding="UTF-8"?>
<Scheme
   LastUpgradeVersion = "1410"
   version = "1.3">
   <BuildAction
      parallelizeBuildables = "YES"
      buildImplicitDependencies = "YES">
      <BuildActionEntries>
         <BuildActionEntry
            buildForTesting = "YES"
            buildForRunning = "YES"
            buildForProfiling = "YES"
            buildForArchiving = "YES"
            buildForAnalyzing = "YES">
            <BuildableReference
               BuildableIdentifier = "primary"
               BlueprintIdentifier = "D44FF163292FC66700B9B0DC"
               BuildableName = "Dahna&apos;s Kimchi.app"
               BlueprintName = "Dahna&apos;s Kimchi"
               ReferencedContainer = "container:Dahna&apos;s Kimchi.xcodeproj">
            </BuildableReference>
         </BuildActionEntry>
      </BuildActionEntries>
   </BuildAction>
   <TestAction
      buildConfiguration = "Debug"
      selectedDebuggerIdentifier = "Xcode.DebuggerFoundation.Debugger.LLDB"
      selectedLauncherIdentifier = "Xcode.DebuggerFoundation.Launcher.LLDB"
      shouldUseLaunchSchemeArgsEnv = "YES">
      <Testables>
         <TestableReference
            skipped = "NO"
            parallelizable = "YES">
            <BuildableReference
               BuildableIdentifier = "primary"
               BlueprintIdentifier = "D44FF174292FC66A00B9B0DC"
               BuildableName = "Dahna&apos;s KimchiTests.xctest"
               BlueprintName = "Dahna&apos;s KimchiTests"
               ReferencedContainer = "container:Dahna&apos;s Kimchi.xcodeproj">
            </BuildableReference>
         </TestableReference>
         <TestableReference
            skipped = "NO"
            parallelizable = "YES">
            <BuildableReference
               BuildableIdentifier = "primary"
               BlueprintIdentifier = "D44FF17E292FC66A00B9B0DC"
               BuildableName = "Dahna&apos;s KimchiUITests.xctest"
               BlueprintName = "Dahna&apos;s KimchiUITests"
               ReferencedContainer = "container:Dahna&apos;s Kimchi.xcodeproj">
            </BuildableReference>
         </TestableReference>
      </Testables>
   </TestAction>
   <LaunchAction
      buildConfiguration = "Debug"
      selectedDebuggerIdentifier = "Xcode.DebuggerFoundation.Debugger.LLDB"
      selectedLauncherIdentifier = "Xcode.DebuggerFoundation.Launcher.LLDB"
      launchStyle = "0"
      useCustomWorkingDirectory = "NO"
      ignoresPersistentStateOnLaunch = "NO"
      debugDocumentVersioning = "YES"
      debugServiceExtension = "internal"
      allowLocationSimulation = "YES">
      <BuildableProductRunnable
         runnableDebuggingMode = "0">
         <BuildableReference
            BuildableIdentifier = "primary"
            BlueprintIdentifier = "D44FF163292FC66700B9B0DC"
            BuildableName = "Dahna&apos;s Kimchi.app"
            BlueprintName = "Dahna&apos;s Kimchi"
            ReferencedContainer = "container:Dahna&apos;s Kimchi.xcodeproj">
         </BuildableReference>
      </BuildableProductRunnable>
   </LaunchAction>
   <ProfileAction
      buildConfiguration = "Release"
      shouldUseLaunchSchemeArgsEnv = "YES"
      savedToolIdentifier = ""
      useCustomWorkingDirectory = "NO"
      debugDocumentVersioning = "YES">
      <BuildableProductRunnable
         runnableDebuggingMode = "0">
         <BuildableReference
            BuildableIdentifier = "primary"
            BlueprintIdentifier = "D44FF163292FC66700B9B0DC"
            BuildableName = "Dahna&apos;s Kimchi.app"
            BlueprintName = "Dahna&apos;s Kimchi"
            ReferencedContainer = "container:Dahna&apos;s Kimchi.xcodeproj">
         </BuildableReference>
      </BuildableProductRunnable>
   </ProfileAction>
   <AnalyzeAction
      buildConfiguration = "Debug">
   </AnalyzeAction>
   <ArchiveAction
      buildConfiguration = "Release"
      customArchiveName = "Dahna&apos;s Kimchi"
      revealArchiveInOrganizer = "YES">
   </ArchiveAction>
</Scheme>
